
Microsoft Visual Studio Solution File, Format Version 12.00
# Visual Studio Version 17
VisualStudioVersion = 17.5.33502.453
MinimumVisualStudioVersion = 10.0.40219.1
Project("{8BC9CEB8-8B4A-11D0-8D11-00A0C91BC942}") = "StaticMember_113", "StaticMember_113\StaticMember_113.vcxproj", "{0A8B8A22-6F74-46A4-8C4F-8A65B64C659D}"
EndProject
Project("{8BC9CEB8-8B4A-11D0-8D11-00A0C91BC942}") = "constructor", "constructor\constructor.vcxproj", "{78A963C5-91B1-4B92-943B-A681DB593715}"
EndProject
Project("{8BC9CEB8-8B4A-11D0-8D11-00A0C91BC942}") = "chainfunction", "chainfunction\chainfunction.vcxproj", "{6BF860A3-A51A-4571-B949-8B92CB32151C}"
EndProject
Project("{8BC9CEB8-8B4A-11D0-8D11-00A0C91BC942}") = "destruktor", "destruktor\destruktor.vcxproj", "{A1D918B0-2A5D-4774-9B23-8503C452549F}"
EndProject
Global
	GlobalSection(SolutionConfigurationPlatforms) = preSolution
		Debug|x64 = Debug|x64
		Debug|x86 = Debug|x86
		Release|x64 = Release|x64
		Release|x86 = Release|x86
	EndGlobalSection
	GlobalSection(ProjectConfigurationPlatforms) = postSolution
		{0A8B8A22-6F74-46A4-8C4F-8A65B64C659D}.Debug|x64.ActiveCfg = Debug|x64
		{0A8B8A22-6F74-46A4-8C4F-8A65B64C659D}.Debug|x64.Build.0 = Debug|x64
		{0A8B8A22-6F74-46A4-8C4F-8A65B64C659D}.Debug|x86.ActiveCfg = Debug|Win32
		{0A8B8A22-6F74-46A4-8C4F-8A65B64C659D}.Debug|x86.Build.0 = Debug|Win32
		{0A8B8A22-6F74-46A4-8C4F-8A65B64C659D}.Release|x64.ActiveCfg = Release|x64
		{0A8B8A22-6F74-46A4-8C4F-8A65B64C659D}.Release|x64.Build.0 = Release|x64
		{0A8B8A22-6F74-46A4-8C4F-8A65B64C659D}.Release|x86.ActiveCfg = Release|Win32
		{0A8B8A22-6F74-46A4-8C4F-8A65B64C659D}.Release|x86.Build.0 = Release|Win32
		{78A963C5-91B1-4B92-943B-A681DB593715}.Debug|x64.ActiveCfg = Debug|x64
		{78A963C5-91B1-4B92-943B-A681DB593715}.Debug|x64.Build.0 = Debug|x64
		{78A963C5-91B1-4B92-943B-A681DB593715}.Debug|x86.ActiveCfg = Debug|Win32
		{78A963C5-91B1-4B92-943B-A681DB593715}.Debug|x86.Build.0 = Debug|Win32
		{78A963C5-91B1-4B92-943B-A681DB593715}.Release|x64.ActiveCfg = Release|x64
		{78A963C5-91B1-4B92-943B-A681DB593715}.Release|x64.Build.0 = Release|x64
		{78A963C5-91B1-4B92-943B-A681DB593715}.Release|x86.ActiveCfg = Release|Win32
		{78A963C5-91B1-4B92-943B-A681DB593715}.Release|x86.Build.0 = Release|Win32
		{6BF860A3-A51A-4571-B949-8B92CB32151C}.Debug|x64.ActiveCfg = Debug|x64
		{6BF860A3-A51A-4571-B949-8B92CB32151C}.Debug|x64.Build.0 = Debug|x64
		{6BF860A3-A51A-4571-B949-8B92CB32151C}.Debug|x86.ActiveCfg = Debug|Win32
		{6BF860A3-A51A-4571-B949-8B92CB32151C}.Debug|x86.Build.0 = Debug|Win32
		{6BF860A3-A51A-4571-B949-8B92CB32151C}.Release|x64.ActiveCfg = Release|x64
		{6BF860A3-A51A-4571-B949-8B92CB32151C}.Release|x64.Build.0 = Release|x64
		{6BF860A3-A51A-4571-B949-8B92CB32151C}.Release|x86.ActiveCfg = Release|Win32
		{6BF860A3-A51A-4571-B949-8B92CB32151C}.Release|x86.Build.0 = Release|Win32
		{A1D918B0-2A5D-4774-9B23-8503C452549F}.Debug|x64.ActiveCfg = Debug|x64
		{A1D918B0-2A5D-4774-9B23-8503C452549F}.Debug|x64.Build.0 = Debug|x64
		{A1D918B0-2A5D-4774-9B23-8503C452549F}.Debug|x86.ActiveCfg = Debug|Win32
		{A1D918B0-2A5D-4774-9B23-8503C452549F}.Debug|x86.Build.0 = Debug|Win32
		{A1D918B0-2A5D-4774-9B23-8503C452549F}.Release|x64.ActiveCfg = Release|x64
		{A1D918B0-2A5D-4774-9B23-8503C452549F}.Release|x64.Build.0 = Release|x64
		{A1D918B0-2A5D-4774-9B23-8503C452549F}.Release|x86.ActiveCfg = Release|Win32
		{A1D918B0-2A5D-4774-9B23-8503C452549F}.Release|x86.Build.0 = Release|Win32
	EndGlobalSection
	GlobalSection(SolutionProperties) = preSolution
		HideSolutionNode = FALSE
	EndGlobalSection
	GlobalSection(ExtensibilityGlobals) = postSolution
		SolutionGuid = {5DDCAA10-04FD-45E4-A554-F6E57C0F80B5}
	EndGlobalSection
EndGlobal
